
Microsoft Visual Studio Solution File, Format Version 12.00
# Visual Studio Version 16
VisualStudioVersion = 16.0.29728.190
MinimumVisualStudioVersion = 10.0.40219.1
Project("{FAE04EC0-301F-11D3-BF4B-00C04F79EFBC}") = "Eventhjälpen", "Eventhjälpen\Eventhjälpen.csproj", "{7A854BF5-E7C7-41CA-B6C3-FB565AEA9F52}"
EndProject
Global
	GlobalSection(SolutionConfigurationPlatforms) = preSolution
		Debug|Any CPU = Debug|Any CPU
		Release|Any CPU = Release|Any CPU
	EndGlobalSection
	GlobalSection(ProjectConfigurationPlatforms) = postSolution
		{7A854BF5-E7C7-41CA-B6C3-FB565AEA9F52}.Debug|Any CPU.ActiveCfg = Debug|Any CPU
		{7A854BF5-E7C7-41CA-B6C3-FB565AEA9F52}.Debug|Any CPU.Build.0 = Debug|Any CPU
		{7A854BF5-E7C7-41CA-B6C3-FB565AEA9F52}.Release|Any CPU.ActiveCfg = Release|Any CPU
		{7A854BF5-E7C7-41CA-B6C3-FB565AEA9F52}.Release|Any CPU.Build.0 = Release|Any CPU
	EndGlobalSection
	GlobalSection(SolutionProperties) = preSolution
		HideSolutionNode = FALSE
	EndGlobalSection
	GlobalSection(ExtensibilityGlobals) = postSolution
		SolutionGuid = {69B1AF31-64FE-4EB8-BA57-CDB9964B36E2}
	EndGlobalSection
EndGlobal
